
Microsoft Visual Studio Solution File, Format Version 12.00
# Visual Studio Version 17
VisualStudioVersion = 17.7.34031.279
MinimumVisualStudioVersion = 10.0.40219.1
Project("{FAE04EC0-301F-11D3-BF4B-00C04F79EFBC}") = "ConsoleApp06", "ConsoleApp06.csproj", "{5DF03354-E050-4DE3-B2D4-CBB9B648C08A}"
EndProject
Global
	GlobalSection(SolutionConfigurationPlatforms) = preSolution
		Debug|Any CPU = Debug|Any CPU
		Release|Any CPU = Release|Any CPU
	EndGlobalSection
	GlobalSection(ProjectConfigurationPlatforms) = postSolution
		{5DF03354-E050-4DE3-B2D4-CBB9B648C08A}.Debug|Any CPU.ActiveCfg = Debug|Any CPU
		{5DF03354-E050-4DE3-B2D4-CBB9B648C08A}.Debug|Any CPU.Build.0 = Debug|Any CPU
		{5DF03354-E050-4DE3-B2D4-CBB9B648C08A}.Release|Any CPU.ActiveCfg = Release|Any CPU
		{5DF03354-E050-4DE3-B2D4-CBB9B648C08A}.Release|Any CPU.Build.0 = Release|Any CPU
	EndGlobalSection
	GlobalSection(SolutionProperties) = preSolution
		HideSolutionNode = FALSE
	EndGlobalSection
	GlobalSection(ExtensibilityGlobals) = postSolution
		SolutionGuid = {2297366B-CF87-4056-8DBE-82CE91B37EBF}
	EndGlobalSection
EndGlobal
