
Microsoft Visual Studio Solution File, Format Version 12.00
# Visual Studio Version 17
VisualStudioVersion = 17.7.34031.279
MinimumVisualStudioVersion = 10.0.40219.1
Project("{FAE04EC0-301F-11D3-BF4B-00C04F79EFBC}") = "ConsoleApp052", "ConsoleApp052.csproj", "{0C82AC5E-9DF4-4941-8930-C63721BE4827}"
EndProject
Global
	GlobalSection(SolutionConfigurationPlatforms) = preSolution
		Debug|Any CPU = Debug|Any CPU
		Release|Any CPU = Release|Any CPU
	EndGlobalSection
	GlobalSection(ProjectConfigurationPlatforms) = postSolution
		{0C82AC5E-9DF4-4941-8930-C63721BE4827}.Debug|Any CPU.ActiveCfg = Debug|Any CPU
		{0C82AC5E-9DF4-4941-8930-C63721BE4827}.Debug|Any CPU.Build.0 = Debug|Any CPU
		{0C82AC5E-9DF4-4941-8930-C63721BE4827}.Release|Any CPU.ActiveCfg = Release|Any CPU
		{0C82AC5E-9DF4-4941-8930-C63721BE4827}.Release|Any CPU.Build.0 = Release|Any CPU
	EndGlobalSection
	GlobalSection(SolutionProperties) = preSolution
		HideSolutionNode = FALSE
	EndGlobalSection
	GlobalSection(ExtensibilityGlobals) = postSolution
		SolutionGuid = {61B67F2B-1EBD-4637-AD9B-57320FDBD874}
	EndGlobalSection
EndGlobal
