
Microsoft Visual Studio Solution File, Format Version 12.00
# Visual Studio Version 17
VisualStudioVersion = 17.7.34031.279
MinimumVisualStudioVersion = 10.0.40219.1
Project("{FAE04EC0-301F-11D3-BF4B-00C04F79EFBC}") = "ConsoleApp03", "ConsoleApp03.csproj", "{EDCF245A-FC58-411D-9D3F-BAA0B5E31782}"
EndProject
Global
	GlobalSection(SolutionConfigurationPlatforms) = preSolution
		Debug|Any CPU = Debug|Any CPU
		Release|Any CPU = Release|Any CPU
	EndGlobalSection
	GlobalSection(ProjectConfigurationPlatforms) = postSolution
		{EDCF245A-FC58-411D-9D3F-BAA0B5E31782}.Debug|Any CPU.ActiveCfg = Debug|Any CPU
		{EDCF245A-FC58-411D-9D3F-BAA0B5E31782}.Debug|Any CPU.Build.0 = Debug|Any CPU
		{EDCF245A-FC58-411D-9D3F-BAA0B5E31782}.Release|Any CPU.ActiveCfg = Release|Any CPU
		{EDCF245A-FC58-411D-9D3F-BAA0B5E31782}.Release|Any CPU.Build.0 = Release|Any CPU
	EndGlobalSection
	GlobalSection(SolutionProperties) = preSolution
		HideSolutionNode = FALSE
	EndGlobalSection
	GlobalSection(ExtensibilityGlobals) = postSolution
		SolutionGuid = {505711BB-C5F3-4C30-9D2B-6A422553041D}
	EndGlobalSection
EndGlobal
